
Microsoft Visual Studio Solution File, Format Version 12.00
# Visual Studio Version 17
VisualStudioVersion = 17.2.32616.157
MinimumVisualStudioVersion = 10.0.40219.1
Project("{FAE04EC0-301F-11D3-BF4B-00C04F79EFBC}") = "ABM_BANCO", "ABM_BANCO\ABM_BANCO.csproj", "{BD038543-E87E-4AD5-8A04-DE752D8C44F2}"
EndProject
Global
	GlobalSection(SolutionConfigurationPlatforms) = preSolution
		Debug|Any CPU = Debug|Any CPU
		Release|Any CPU = Release|Any CPU
	EndGlobalSection
	GlobalSection(ProjectConfigurationPlatforms) = postSolution
		{BD038543-E87E-4AD5-8A04-DE752D8C44F2}.Debug|Any CPU.ActiveCfg = Debug|Any CPU
		{BD038543-E87E-4AD5-8A04-DE752D8C44F2}.Debug|Any CPU.Build.0 = Debug|Any CPU
		{BD038543-E87E-4AD5-8A04-DE752D8C44F2}.Release|Any CPU.ActiveCfg = Release|Any CPU
		{BD038543-E87E-4AD5-8A04-DE752D8C44F2}.Release|Any CPU.Build.0 = Release|Any CPU
	EndGlobalSection
	GlobalSection(SolutionProperties) = preSolution
		HideSolutionNode = FALSE
	EndGlobalSection
	GlobalSection(ExtensibilityGlobals) = postSolution
		SolutionGuid = {FD924C8A-720E-457A-92E1-C75694EBB422}
	EndGlobalSection
EndGlobal
